PODS:
  - Alamofire (3.4.0)
  - AlamofireJsonToObjects (1.6.0):
    - Alamofire
    - EVReflection
  - AlamofireSwiftyJSON (0.1.0):
    - Alamofire (~> 3.1)
    - SwiftyJSON (~> 2.3)
  - EVReflection (2.30.1)
  - SwiftyJSON (2.3.2)

DEPENDENCIES:
  - AlamofireJsonToObjects
  - AlamofireSwiftyJSON

SPEC CHECKSUMS:
  Alamofire: c19a627cefd6a95f840401c49ab1f124e07f54ee
  AlamofireJsonToObjects: e5155c1c58493c44d7ebe56bbb1aa65d95e82c68
  AlamofireSwiftyJSON: 171e4fa7d09a1d20d05797d0253a36f4241adf3a
  EVReflection: cbadc6ef7c077d86efc1a47fa23f1c9d0a5540dc
  SwiftyJSON: 04ccea08915aa0109039157c7974cf0298da292a

PODFILE CHECKSUM: 2a9370a4f7fb9f89e93ae29af744742d8e3fb5be

COCOAPODS: 1.0.0
